
Microsoft Visual Studio Solution File, Format Version 12.00
# Visual Studio Version 17
VisualStudioVersion = 17.6.33829.357
MinimumVisualStudioVersion = 10.0.40219.1
Project("{FAE04EC0-301F-11D3-BF4B-00C04F79EFBC}") = "Lab10", "Lab10\Lab10.csproj", "{5BB3B686-98FB-4C37-9997-771036AFC6DE}"
EndProject
Global
	GlobalSection(SolutionConfigurationPlatforms) = preSolution
		Debug|Any CPU = Debug|Any CPU
		Release|Any CPU = Release|Any CPU
	EndGlobalSection
	GlobalSection(ProjectConfigurationPlatforms) = postSolution
		{5BB3B686-98FB-4C37-9997-771036AFC6DE}.Debug|Any CPU.ActiveCfg = Debug|Any CPU
		{5BB3B686-98FB-4C37-9997-771036AFC6DE}.Debug|Any CPU.Build.0 = Debug|Any CPU
		{5BB3B686-98FB-4C37-9997-771036AFC6DE}.Release|Any CPU.ActiveCfg = Release|Any CPU
		{5BB3B686-98FB-4C37-9997-771036AFC6DE}.Release|Any CPU.Build.0 = Release|Any CPU
	EndGlobalSection
	GlobalSection(SolutionProperties) = preSolution
		HideSolutionNode = FALSE
	EndGlobalSection
	GlobalSection(ExtensibilityGlobals) = postSolution
		SolutionGuid = {E6B1356A-315B-404B-B928-4A1842220177}
	EndGlobalSection
EndGlobal
